
Microsoft Visual Studio Solution File, Format Version 12.00
# Visual Studio Version 17
VisualStudioVersion = 17.4.33205.214
MinimumVisualStudioVersion = 10.0.40219.1
Project("{FAE04EC0-301F-11D3-BF4B-00C04F79EFBC}") = "BcyWebCrawler.Desktop", "BcyWebCrawler.Desktop\BcyWebCrawler.Desktop.csproj", "{73FD2ECC-257C-44D9-8F9B-9CD310B84C39}"
EndProject
Project("{FAE04EC0-301F-11D3-BF4B-00C04F79EFBC}") = "BcyWebCrawler.Core", "BcyWebCrawler.Core\BcyWebCrawler.Core.csproj", "{95674E54-CA94-4E5E-921A-C3C4E58EE89D}"
EndProject
Project("{FAE04EC0-301F-11D3-BF4B-00C04F79EFBC}") = "BcyWebCrawler.UI", "BcyWebCrawler.UI\BcyWebCrawler.UI.csproj", "{C9DEB045-52DC-4B1A-88DC-BA9DAB54F2FD}"
EndProject
Project("{FAE04EC0-301F-11D3-BF4B-00C04F79EFBC}") = "BcyWebCrawler.Core.UT", "BcyWebCrawler.Core.UT\BcyWebCrawler.Core.UT.csproj", "{88975037-6699-4869-86C1-1823C7078C68}"
EndProject
Global
	GlobalSection(SolutionConfigurationPlatforms) = preSolution
		Debug|Any CPU = Debug|Any CPU
		Release|Any CPU = Release|Any CPU
	EndGlobalSection
	GlobalSection(ProjectConfigurationPlatforms) = postSolution
		{73FD2ECC-257C-44D9-8F9B-9CD310B84C39}.Debug|Any CPU.ActiveCfg = Debug|Any CPU
		{73FD2ECC-257C-44D9-8F9B-9CD310B84C39}.Debug|Any CPU.Build.0 = Debug|Any CPU
		{73FD2ECC-257C-44D9-8F9B-9CD310B84C39}.Release|Any CPU.ActiveCfg = Release|Any CPU
		{73FD2ECC-257C-44D9-8F9B-9CD310B84C39}.Release|Any CPU.Build.0 = Release|Any CPU
		{95674E54-CA94-4E5E-921A-C3C4E58EE89D}.Debug|Any CPU.ActiveCfg = Debug|Any CPU
		{95674E54-CA94-4E5E-921A-C3C4E58EE89D}.Debug|Any CPU.Build.0 = Debug|Any CPU
		{95674E54-CA94-4E5E-921A-C3C4E58EE89D}.Release|Any CPU.ActiveCfg = Release|Any CPU
		{95674E54-CA94-4E5E-921A-C3C4E58EE89D}.Release|Any CPU.Build.0 = Release|Any CPU
		{C9DEB045-52DC-4B1A-88DC-BA9DAB54F2FD}.Debug|Any CPU.ActiveCfg = Debug|Any CPU
		{C9DEB045-52DC-4B1A-88DC-BA9DAB54F2FD}.Debug|Any CPU.Build.0 = Debug|Any CPU
		{C9DEB045-52DC-4B1A-88DC-BA9DAB54F2FD}.Release|Any CPU.ActiveCfg = Release|Any CPU
		{C9DEB045-52DC-4B1A-88DC-BA9DAB54F2FD}.Release|Any CPU.Build.0 = Release|Any CPU
		{88975037-6699-4869-86C1-1823C7078C68}.Debug|Any CPU.ActiveCfg = Debug|Any CPU
		{88975037-6699-4869-86C1-1823C7078C68}.Debug|Any CPU.Build.0 = Debug|Any CPU
		{88975037-6699-4869-86C1-1823C7078C68}.Release|Any CPU.ActiveCfg = Release|Any CPU
		{88975037-6699-4869-86C1-1823C7078C68}.Release|Any CPU.Build.0 = Release|Any CPU
	EndGlobalSection
	GlobalSection(SolutionProperties) = preSolution
		HideSolutionNode = FALSE
	EndGlobalSection
	GlobalSection(ExtensibilityGlobals) = postSolution
		SolutionGuid = {3CD3326D-2D20-4BC9-B331-F05AB4A08061}
	EndGlobalSection
EndGlobal
