
Microsoft Visual Studio Solution File, Format Version 12.00
# Visual Studio Version 17
VisualStudioVersion = 17.4.33205.214
MinimumVisualStudioVersion = 10.0.40219.1
Project("{9A19103F-16F7-4668-BE54-9A1E7A4F7556}") = "BcyWebCrawler.Desktop", "BcyWebCrawler.Desktop\BcyWebCrawler.Desktop.csproj", "{73FD2ECC-257C-44D9-8F9B-9CD310B84C39}"
EndProject
Project("{9A19103F-16F7-4668-BE54-9A1E7A4F7556}") = "BcyWebCrawler.Core", "BcyWebCrawler.Core\BcyWebCrawler.Core.csproj", "{95674E54-CA94-4E5E-921A-C3C4E58EE89D}"
EndProject
Project("{9A19103F-16F7-4668-BE54-9A1E7A4F7556}") = "BcyWebCrawler.Core.UT", "BcyWebCrawler.Core.UT\BcyWebCrawler.Core.UT.csproj", "{88975037-6699-4869-86C1-1823C7078C68}"
EndProject
Project("{FAE04EC0-301F-11D3-BF4B-00C04F79EFBC}") = "BcyWebCrawler.MAUI", "BcyWebCrawler.MAUI\BcyWebCrawler.MAUI.csproj", "{C23FCDD5-1BAE-4A4D-92E4-F08DED56BEC9}"
EndProject
Global
	GlobalSection(SolutionConfigurationPlatforms) = preSolution
		Debug|Any CPU = Debug|Any CPU
		Debug|arm64 = Debug|arm64
		Debug|x64 = Debug|x64
		Debug|x86 = Debug|x86
		Release|Any CPU = Release|Any CPU
		Release|arm64 = Release|arm64
		Release|x64 = Release|x64
		Release|x86 = Release|x86
	EndGlobalSection
	GlobalSection(ProjectConfigurationPlatforms) = postSolution
		{73FD2ECC-257C-44D9-8F9B-9CD310B84C39}.Debug|Any CPU.ActiveCfg = Debug|Any CPU
		{73FD2ECC-257C-44D9-8F9B-9CD310B84C39}.Debug|Any CPU.Build.0 = Debug|Any CPU
		{73FD2ECC-257C-44D9-8F9B-9CD310B84C39}.Debug|arm64.ActiveCfg = Debug|Any CPU
		{73FD2ECC-257C-44D9-8F9B-9CD310B84C39}.Debug|arm64.Build.0 = Debug|Any CPU
		{73FD2ECC-257C-44D9-8F9B-9CD310B84C39}.Debug|x64.ActiveCfg = Debug|Any CPU
		{73FD2ECC-257C-44D9-8F9B-9CD310B84C39}.Debug|x64.Build.0 = Debug|Any CPU
		{73FD2ECC-257C-44D9-8F9B-9CD310B84C39}.Debug|x86.ActiveCfg = Debug|Any CPU
		{73FD2ECC-257C-44D9-8F9B-9CD310B84C39}.Debug|x86.Build.0 = Debug|Any CPU
		{73FD2ECC-257C-44D9-8F9B-9CD310B84C39}.Release|Any CPU.ActiveCfg = Release|Any CPU
		{73FD2ECC-257C-44D9-8F9B-9CD310B84C39}.Release|Any CPU.Build.0 = Release|Any CPU
		{73FD2ECC-257C-44D9-8F9B-9CD310B84C39}.Release|arm64.ActiveCfg = Release|Any CPU
		{73FD2ECC-257C-44D9-8F9B-9CD310B84C39}.Release|arm64.Build.0 = Release|Any CPU
		{73FD2ECC-257C-44D9-8F9B-9CD310B84C39}.Release|x64.ActiveCfg = Release|Any CPU
		{73FD2ECC-257C-44D9-8F9B-9CD310B84C39}.Release|x64.Build.0 = Release|Any CPU
		{73FD2ECC-257C-44D9-8F9B-9CD310B84C39}.Release|x86.ActiveCfg = Release|Any CPU
		{73FD2ECC-257C-44D9-8F9B-9CD310B84C39}.Release|x86.Build.0 = Release|Any CPU
		{95674E54-CA94-4E5E-921A-C3C4E58EE89D}.Debug|Any CPU.ActiveCfg = Debug|Any CPU
		{95674E54-CA94-4E5E-921A-C3C4E58EE89D}.Debug|Any CPU.Build.0 = Debug|Any CPU
		{95674E54-CA94-4E5E-921A-C3C4E58EE89D}.Debug|arm64.ActiveCfg = Debug|Any CPU
		{95674E54-CA94-4E5E-921A-C3C4E58EE89D}.Debug|arm64.Build.0 = Debug|Any CPU
		{95674E54-CA94-4E5E-921A-C3C4E58EE89D}.Debug|x64.ActiveCfg = Debug|Any CPU
		{95674E54-CA94-4E5E-921A-C3C4E58EE89D}.Debug|x64.Build.0 = Debug|Any CPU
		{95674E54-CA94-4E5E-921A-C3C4E58EE89D}.Debug|x86.ActiveCfg = Debug|Any CPU
		{95674E54-CA94-4E5E-921A-C3C4E58EE89D}.Debug|x86.Build.0 = Debug|Any CPU
		{95674E54-CA94-4E5E-921A-C3C4E58EE89D}.Release|Any CPU.ActiveCfg = Release|Any CPU
		{95674E54-CA94-4E5E-921A-C3C4E58EE89D}.Release|Any CPU.Build.0 = Release|Any CPU
		{95674E54-CA94-4E5E-921A-C3C4E58EE89D}.Release|arm64.ActiveCfg = Release|Any CPU
		{95674E54-CA94-4E5E-921A-C3C4E58EE89D}.Release|arm64.Build.0 = Release|Any CPU
		{95674E54-CA94-4E5E-921A-C3C4E58EE89D}.Release|x64.ActiveCfg = Release|Any CPU
		{95674E54-CA94-4E5E-921A-C3C4E58EE89D}.Release|x64.Build.0 = Release|Any CPU
		{95674E54-CA94-4E5E-921A-C3C4E58EE89D}.Release|x86.ActiveCfg = Release|Any CPU
		{95674E54-CA94-4E5E-921A-C3C4E58EE89D}.Release|x86.Build.0 = Release|Any CPU
		{88975037-6699-4869-86C1-1823C7078C68}.Debug|Any CPU.ActiveCfg = Debug|Any CPU
		{88975037-6699-4869-86C1-1823C7078C68}.Debug|Any CPU.Build.0 = Debug|Any CPU
		{88975037-6699-4869-86C1-1823C7078C68}.Debug|arm64.ActiveCfg = Debug|Any CPU
		{88975037-6699-4869-86C1-1823C7078C68}.Debug|arm64.Build.0 = Debug|Any CPU
		{88975037-6699-4869-86C1-1823C7078C68}.Debug|x64.ActiveCfg = Debug|Any CPU
		{88975037-6699-4869-86C1-1823C7078C68}.Debug|x64.Build.0 = Debug|Any CPU
		{88975037-6699-4869-86C1-1823C7078C68}.Debug|x86.ActiveCfg = Debug|Any CPU
		{88975037-6699-4869-86C1-1823C7078C68}.Debug|x86.Build.0 = Debug|Any CPU
		{88975037-6699-4869-86C1-1823C7078C68}.Release|Any CPU.ActiveCfg = Release|Any CPU
		{88975037-6699-4869-86C1-1823C7078C68}.Release|Any CPU.Build.0 = Release|Any CPU
		{88975037-6699-4869-86C1-1823C7078C68}.Release|arm64.ActiveCfg = Release|Any CPU
		{88975037-6699-4869-86C1-1823C7078C68}.Release|arm64.Build.0 = Release|Any CPU
		{88975037-6699-4869-86C1-1823C7078C68}.Release|x64.ActiveCfg = Release|Any CPU
		{88975037-6699-4869-86C1-1823C7078C68}.Release|x64.Build.0 = Release|Any CPU
		{88975037-6699-4869-86C1-1823C7078C68}.Release|x86.ActiveCfg = Release|Any CPU
		{88975037-6699-4869-86C1-1823C7078C68}.Release|x86.Build.0 = Release|Any CPU
		{C23FCDD5-1BAE-4A4D-92E4-F08DED56BEC9}.Debug|Any CPU.ActiveCfg = Debug|Any CPU
		{C23FCDD5-1BAE-4A4D-92E4-F08DED56BEC9}.Debug|Any CPU.Build.0 = Debug|Any CPU
		{C23FCDD5-1BAE-4A4D-92E4-F08DED56BEC9}.Debug|Any CPU.Deploy.0 = Debug|Any CPU
		{C23FCDD5-1BAE-4A4D-92E4-F08DED56BEC9}.Debug|arm64.ActiveCfg = Debug|Any CPU
		{C23FCDD5-1BAE-4A4D-92E4-F08DED56BEC9}.Debug|arm64.Build.0 = Debug|Any CPU
		{C23FCDD5-1BAE-4A4D-92E4-F08DED56BEC9}.Debug|arm64.Deploy.0 = Debug|Any CPU
		{C23FCDD5-1BAE-4A4D-92E4-F08DED56BEC9}.Debug|x64.ActiveCfg = Debug|Any CPU
		{C23FCDD5-1BAE-4A4D-92E4-F08DED56BEC9}.Debug|x64.Build.0 = Debug|Any CPU
		{C23FCDD5-1BAE-4A4D-92E4-F08DED56BEC9}.Debug|x64.Deploy.0 = Debug|Any CPU
		{C23FCDD5-1BAE-4A4D-92E4-F08DED56BEC9}.Debug|x86.ActiveCfg = Debug|Any CPU
		{C23FCDD5-1BAE-4A4D-92E4-F08DED56BEC9}.Debug|x86.Build.0 = Debug|Any CPU
		{C23FCDD5-1BAE-4A4D-92E4-F08DED56BEC9}.Debug|x86.Deploy.0 = Debug|Any CPU
		{C23FCDD5-1BAE-4A4D-92E4-F08DED56BEC9}.Release|Any CPU.ActiveCfg = Release|Any CPU
		{C23FCDD5-1BAE-4A4D-92E4-F08DED56BEC9}.Release|Any CPU.Build.0 = Release|Any CPU
		{C23FCDD5-1BAE-4A4D-92E4-F08DED56BEC9}.Release|Any CPU.Deploy.0 = Release|Any CPU
		{C23FCDD5-1BAE-4A4D-92E4-F08DED56BEC9}.Release|arm64.ActiveCfg = Release|Any CPU
		{C23FCDD5-1BAE-4A4D-92E4-F08DED56BEC9}.Release|arm64.Build.0 = Release|Any CPU
		{C23FCDD5-1BAE-4A4D-92E4-F08DED56BEC9}.Release|arm64.Deploy.0 = Release|Any CPU
		{C23FCDD5-1BAE-4A4D-92E4-F08DED56BEC9}.Release|x64.ActiveCfg = Release|Any CPU
		{C23FCDD5-1BAE-4A4D-92E4-F08DED56BEC9}.Release|x64.Build.0 = Release|Any CPU
		{C23FCDD5-1BAE-4A4D-92E4-F08DED56BEC9}.Release|x64.Deploy.0 = Release|Any CPU
		{C23FCDD5-1BAE-4A4D-92E4-F08DED56BEC9}.Release|x86.ActiveCfg = Release|Any CPU
		{C23FCDD5-1BAE-4A4D-92E4-F08DED56BEC9}.Release|x86.Build.0 = Release|Any CPU
		{C23FCDD5-1BAE-4A4D-92E4-F08DED56BEC9}.Release|x86.Deploy.0 = Release|Any CPU
	EndGlobalSection
	GlobalSection(SolutionProperties) = preSolution
		HideSolutionNode = FALSE
	EndGlobalSection
	GlobalSection(ExtensibilityGlobals) = postSolution
		SolutionGuid = {3CD3326D-2D20-4BC9-B331-F05AB4A08061}
	EndGlobalSection
EndGlobal
